
Microsoft Visual Studio Solution File, Format Version 12.00
# Visual Studio 15
VisualStudioVersion = 15.0.28010.2016
MinimumVisualStudioVersion = 10.0.40219.1
Project("{FAE04EC0-301F-11D3-BF4B-00C04F79EFBC}") = "SimpleQuizApplication", "SimpleQuizApplication\SimpleQuizApplication.csproj", "{A8E6455D-4054-4F6B-896F-C5822938CDFA}"
EndProject
Global
	GlobalSection(SolutionConfigurationPlatforms) = preSolution
		Debug|Any CPU = Debug|Any CPU
		Release|Any CPU = Release|Any CPU
	EndGlobalSection
	GlobalSection(ProjectConfigurationPlatforms) = postSolution
		{A8E6455D-4054-4F6B-896F-C5822938CDFA}.Debug|Any CPU.ActiveCfg = Debug|Any CPU
		{A8E6455D-4054-4F6B-896F-C5822938CDFA}.Debug|Any CPU.Build.0 = Debug|Any CPU
		{A8E6455D-4054-4F6B-896F-C5822938CDFA}.Release|Any CPU.ActiveCfg = Release|Any CPU
		{A8E6455D-4054-4F6B-896F-C5822938CDFA}.Release|Any CPU.Build.0 = Release|Any CPU
	EndGlobalSection
	GlobalSection(SolutionProperties) = preSolution
		HideSolutionNode = FALSE
	EndGlobalSection
	GlobalSection(ExtensibilityGlobals) = postSolution
		SolutionGuid = {5941EB49-8DB2-438F-A951-F51DFE17E8DF}
	EndGlobalSection
EndGlobal
